
#
# CprE 381 Generated Quartus Settings File
#

set_global_assignment -name FAMILY "Cyclone IV E"
set_global_assignment -name DEVICE EP4CE115F29C7
set_global_assignment -name ORIGINAL_QUARTUS_VERSION 18.0.0
set_global_assignment -name PROJECT_CREATION_TIME_DATE "19:07:08  JANUARY 28, 2019"
set_global_assignment -name LAST_QUARTUS_VERSION "18.0.0 Standard Edition"
set_global_assignment -name PROJECT_OUTPUT_DIRECTORY output_files
set_global_assignment -name PARTITION_NETLIST_TYPE SOURCE -section_id Top
set_global_assignment -name PARTITION_FITTER_PRESERVATION_LEVEL PLACEMENT_AND_ROUTING -section_id Top
set_global_assignment -name PARTITION_COLOR 16764057 -section_id Top
set_global_assignment -name TOP_LEVEL_ENTITY MIPS_Processor
set_global_assignment -name VHDL_FILE "U:/CPRE381/cpre381-toolflow-release/ModelSimWork/src/ALU1bit.vhd"
set_global_assignment -name VHDL_FILE "U:/CPRE381/cpre381-toolflow-release/ModelSimWork/src/ALU32Bit.vhd"
set_global_assignment -name VHDL_FILE "U:/CPRE381/cpre381-toolflow-release/ModelSimWork/src/ALUControler.vhd"
set_global_assignment -name VHDL_FILE "U:/CPRE381/cpre381-toolflow-release/ModelSimWork/src/ControlsToTest.vhd"
set_global_assignment -name VHDL_FILE "U:/CPRE381/cpre381-toolflow-release/ModelSimWork/src/EX_MEM.vhd"
set_global_assignment -name VHDL_FILE "U:/CPRE381/cpre381-toolflow-release/ModelSimWork/src/FullALU.vhd"
set_global_assignment -name VHDL_FILE "U:/CPRE381/cpre381-toolflow-release/ModelSimWork/src/ID_EX.vhd"
set_global_assignment -name VHDL_FILE "U:/CPRE381/cpre381-toolflow-release/ModelSimWork/src/IF_ID.vhd"
set_global_assignment -name VHDL_FILE "U:/CPRE381/cpre381-toolflow-release/ModelSimWork/src/IntegratedDatapath.vhd"
set_global_assignment -name VHDL_FILE "U:/CPRE381/cpre381-toolflow-release/ModelSimWork/src/MEM_WB.vhd"
set_global_assignment -name VHDL_FILE "U:/CPRE381/cpre381-toolflow-release/ModelSimWork/src/MIPS_Processor.vhd"
set_global_assignment -name VHDL_FILE "U:/CPRE381/cpre381-toolflow-release/ModelSimWork/src/add_sub_struct_1bit.vhd"
set_global_assignment -name VHDL_FILE "U:/CPRE381/cpre381-toolflow-release/ModelSimWork/src/adder.vhd"
set_global_assignment -name VHDL_FILE "U:/CPRE381/cpre381-toolflow-release/ModelSimWork/src/adder_nbit_struct.vhd"
set_global_assignment -name VHDL_FILE "U:/CPRE381/cpre381-toolflow-release/ModelSimWork/src/andg2.vhd"
set_global_assignment -name VHDL_FILE "U:/CPRE381/cpre381-toolflow-release/ModelSimWork/src/bsLR.vhd"
set_global_assignment -name VHDL_FILE "U:/CPRE381/cpre381-toolflow-release/ModelSimWork/src/control.vhd"
set_global_assignment -name VHDL_FILE "U:/CPRE381/cpre381-toolflow-release/ModelSimWork/src/decoder5to32_flow.vhd"
set_global_assignment -name VHDL_FILE "U:/CPRE381/cpre381-toolflow-release/ModelSimWork/src/dff.vhd"
set_global_assignment -name VHDL_FILE "U:/CPRE381/cpre381-toolflow-release/ModelSimWork/src/extender16bit_flow.vhd"
set_global_assignment -name VHDL_FILE "U:/CPRE381/cpre381-toolflow-release/ModelSimWork/src/invg.vhd"
set_global_assignment -name VHDL_FILE "U:/CPRE381/cpre381-toolflow-release/ModelSimWork/src/mem.vhd"
set_global_assignment -name VHDL_FILE "U:/CPRE381/cpre381-toolflow-release/ModelSimWork/src/mux.vhd"
set_global_assignment -name VHDL_FILE "U:/CPRE381/cpre381-toolflow-release/ModelSimWork/src/mux2.vhd"
set_global_assignment -name VHDL_FILE "U:/CPRE381/cpre381-toolflow-release/ModelSimWork/src/mux_nbit_nbitto1_struct.vhd"
set_global_assignment -name VHDL_FILE "U:/CPRE381/cpre381-toolflow-release/ModelSimWork/src/mux_nbit_struct.vhd"
set_global_assignment -name VHDL_FILE "U:/CPRE381/cpre381-toolflow-release/ModelSimWork/src/nandg.vhd"
set_global_assignment -name VHDL_FILE "U:/CPRE381/cpre381-toolflow-release/ModelSimWork/src/org2.vhd"
set_global_assignment -name VHDL_FILE "U:/CPRE381/cpre381-toolflow-release/ModelSimWork/src/pc.vhd"
set_global_assignment -name VHDL_FILE "U:/CPRE381/cpre381-toolflow-release/ModelSimWork/src/registerFile_nbit_struct.vhd"
set_global_assignment -name VHDL_FILE "U:/CPRE381/cpre381-toolflow-release/ModelSimWork/src/register_nbit_struct.vhd"
set_global_assignment -name VHDL_FILE "U:/CPRE381/cpre381-toolflow-release/ModelSimWork/src/reverse.vhd"
set_global_assignment -name VHDL_FILE "U:/CPRE381/cpre381-toolflow-release/ModelSimWork/src/tb_Controls.vhd"
set_global_assignment -name VHDL_FILE "U:/CPRE381/cpre381-toolflow-release/ModelSimWork/src/tb_IntegratedDatapath.vhd"
set_global_assignment -name VHDL_FILE "U:/CPRE381/cpre381-toolflow-release/ModelSimWork/src/xorg2.vhd"
